
Microsoft Visual Studio Solution File, Format Version 12.00
# Visual Studio Version 17
VisualStudioVersion = 17.1.32414.318
MinimumVisualStudioVersion = 10.0.40219.1
Project("{9A19103F-16F7-4668-BE54-9A1E7A4F7556}") = "TheSharks.API", "TheSharks.API\TheSharks.API.csproj", "{24EB8C5F-60A3-4C45-9299-8143B4AAB73C}"
	ProjectSection(ProjectDependencies) = postProject
		{43E6B43D-F864-4FE7-8ED3-D9361BB7BE8C} = {43E6B43D-F864-4FE7-8ED3-D9361BB7BE8C}
		{835DB7A3-1AFB-467D-BA68-A07E30629097} = {835DB7A3-1AFB-467D-BA68-A07E30629097}
	EndProjectSection
EndProject
Project("{2150E333-8FDC-42A3-9474-1A3956D46DE8}") = "src", "src", "{A7F0BD05-1E7F-425D-9D53-1D61B0DAF53B}"
EndProject
Project("{2150E333-8FDC-42A3-9474-1A3956D46DE8}") = "Infrastructure", "Infrastructure", "{4AD98A64-DCA5-49AD-A4E0-FE15965CEB09}"
EndProject
Project("{2150E333-8FDC-42A3-9474-1A3956D46DE8}") = "Core", "Core", "{694ADED3-5DCD-4997-97DD-3B2E21FE874C}"
EndProject
Project("{9A19103F-16F7-4668-BE54-9A1E7A4F7556}") = "TheSharks.Domain", "TheSharks.Domain\TheSharks.Domain.csproj", "{EED5925D-0C33-48B3-8FD4-DD122D6918A0}"
EndProject
Project("{2150E333-8FDC-42A3-9474-1A3956D46DE8}") = "Application", "Application", "{11291613-9250-40C8-A420-8086B79AD79F}"
EndProject
Project("{9A19103F-16F7-4668-BE54-9A1E7A4F7556}") = "TheSharks.Application", "TheSharks.Application\TheSharks.Application.csproj", "{3878659B-42F5-41E3-A709-FA85B341DC56}"
	ProjectSection(ProjectDependencies) = postProject
		{BE7FBE65-4C7F-4325-A139-C1DC7430923D} = {BE7FBE65-4C7F-4325-A139-C1DC7430923D}
	EndProjectSection
EndProject
Project("{9A19103F-16F7-4668-BE54-9A1E7A4F7556}") = "TheSharks.Contracts", "TheSharks.Contracts\TheSharks.Contracts.csproj", "{08639A87-ADBD-4C6A-8C18-01D117359040}"
EndProject
Project("{9A19103F-16F7-4668-BE54-9A1E7A4F7556}") = "TheSharks.DataAccess", "TheSharks.DataAccess\TheSharks.DataAccess.csproj", "{BE7FBE65-4C7F-4325-A139-C1DC7430923D}"
EndProject
Project("{9A19103F-16F7-4668-BE54-9A1E7A4F7556}") = "TheSharks.FluentMigration", "FluentMigration\TheSharks.FluentMigration.csproj", "{13A0FF2B-A81D-467D-A843-E09BC4BE9990}"
EndProject
Project("{9A19103F-16F7-4668-BE54-9A1E7A4F7556}") = "TheSharks.Identity", "TheSharks.Identity\TheSharks.Identity.csproj", "{835DB7A3-1AFB-467D-BA68-A07E30629097}"
EndProject
Project("{9A19103F-16F7-4668-BE54-9A1E7A4F7556}") = "TheSharks.Mail", "TheSharks.Mail\TheSharks.Mail.csproj", "{59382DB8-22F2-46EE-9D52-35C9C82532DD}"
EndProject
Project("{9A19103F-16F7-4668-BE54-9A1E7A4F7556}") = "TheSharks.Storage", "TheSharks.Storage\TheSharks.Storage.csproj", "{43E6B43D-F864-4FE7-8ED3-D9361BB7BE8C}"
EndProject
Global
	GlobalSection(SolutionConfigurationPlatforms) = preSolution
		Debug|Any CPU = Debug|Any CPU
		Release|Any CPU = Release|Any CPU
	EndGlobalSection
	GlobalSection(ProjectConfigurationPlatforms) = postSolution
		{24EB8C5F-60A3-4C45-9299-8143B4AAB73C}.Debug|Any CPU.ActiveCfg = Debug|Any CPU
		{24EB8C5F-60A3-4C45-9299-8143B4AAB73C}.Debug|Any CPU.Build.0 = Debug|Any CPU
		{24EB8C5F-60A3-4C45-9299-8143B4AAB73C}.Release|Any CPU.ActiveCfg = Release|Any CPU
		{24EB8C5F-60A3-4C45-9299-8143B4AAB73C}.Release|Any CPU.Build.0 = Release|Any CPU
		{EED5925D-0C33-48B3-8FD4-DD122D6918A0}.Debug|Any CPU.ActiveCfg = Debug|Any CPU
		{EED5925D-0C33-48B3-8FD4-DD122D6918A0}.Debug|Any CPU.Build.0 = Debug|Any CPU
		{EED5925D-0C33-48B3-8FD4-DD122D6918A0}.Release|Any CPU.ActiveCfg = Release|Any CPU
		{EED5925D-0C33-48B3-8FD4-DD122D6918A0}.Release|Any CPU.Build.0 = Release|Any CPU
		{3878659B-42F5-41E3-A709-FA85B341DC56}.Debug|Any CPU.ActiveCfg = Debug|Any CPU
		{3878659B-42F5-41E3-A709-FA85B341DC56}.Debug|Any CPU.Build.0 = Debug|Any CPU
		{3878659B-42F5-41E3-A709-FA85B341DC56}.Release|Any CPU.ActiveCfg = Release|Any CPU
		{3878659B-42F5-41E3-A709-FA85B341DC56}.Release|Any CPU.Build.0 = Release|Any CPU
		{08639A87-ADBD-4C6A-8C18-01D117359040}.Debug|Any CPU.ActiveCfg = Debug|Any CPU
		{08639A87-ADBD-4C6A-8C18-01D117359040}.Debug|Any CPU.Build.0 = Debug|Any CPU
		{08639A87-ADBD-4C6A-8C18-01D117359040}.Release|Any CPU.ActiveCfg = Release|Any CPU
		{08639A87-ADBD-4C6A-8C18-01D117359040}.Release|Any CPU.Build.0 = Release|Any CPU
		{BE7FBE65-4C7F-4325-A139-C1DC7430923D}.Debug|Any CPU.ActiveCfg = Debug|Any CPU
		{BE7FBE65-4C7F-4325-A139-C1DC7430923D}.Debug|Any CPU.Build.0 = Debug|Any CPU
		{BE7FBE65-4C7F-4325-A139-C1DC7430923D}.Release|Any CPU.ActiveCfg = Release|Any CPU
		{BE7FBE65-4C7F-4325-A139-C1DC7430923D}.Release|Any CPU.Build.0 = Release|Any CPU
		{13A0FF2B-A81D-467D-A843-E09BC4BE9990}.Debug|Any CPU.ActiveCfg = Debug|Any CPU
		{13A0FF2B-A81D-467D-A843-E09BC4BE9990}.Debug|Any CPU.Build.0 = Debug|Any CPU
		{13A0FF2B-A81D-467D-A843-E09BC4BE9990}.Release|Any CPU.ActiveCfg = Release|Any CPU
		{13A0FF2B-A81D-467D-A843-E09BC4BE9990}.Release|Any CPU.Build.0 = Release|Any CPU
		{835DB7A3-1AFB-467D-BA68-A07E30629097}.Debug|Any CPU.ActiveCfg = Debug|Any CPU
		{835DB7A3-1AFB-467D-BA68-A07E30629097}.Debug|Any CPU.Build.0 = Debug|Any CPU
		{835DB7A3-1AFB-467D-BA68-A07E30629097}.Release|Any CPU.ActiveCfg = Release|Any CPU
		{835DB7A3-1AFB-467D-BA68-A07E30629097}.Release|Any CPU.Build.0 = Release|Any CPU
		{59382DB8-22F2-46EE-9D52-35C9C82532DD}.Debug|Any CPU.ActiveCfg = Debug|Any CPU
		{59382DB8-22F2-46EE-9D52-35C9C82532DD}.Debug|Any CPU.Build.0 = Debug|Any CPU
		{59382DB8-22F2-46EE-9D52-35C9C82532DD}.Release|Any CPU.ActiveCfg = Release|Any CPU
		{59382DB8-22F2-46EE-9D52-35C9C82532DD}.Release|Any CPU.Build.0 = Release|Any CPU
		{43E6B43D-F864-4FE7-8ED3-D9361BB7BE8C}.Debug|Any CPU.ActiveCfg = Debug|Any CPU
		{43E6B43D-F864-4FE7-8ED3-D9361BB7BE8C}.Debug|Any CPU.Build.0 = Debug|Any CPU
		{43E6B43D-F864-4FE7-8ED3-D9361BB7BE8C}.Release|Any CPU.ActiveCfg = Release|Any CPU
		{43E6B43D-F864-4FE7-8ED3-D9361BB7BE8C}.Release|Any CPU.Build.0 = Release|Any CPU
	EndGlobalSection
	GlobalSection(SolutionProperties) = preSolution
		HideSolutionNode = FALSE
	EndGlobalSection
	GlobalSection(NestedProjects) = preSolution
		{24EB8C5F-60A3-4C45-9299-8143B4AAB73C} = {4AD98A64-DCA5-49AD-A4E0-FE15965CEB09}
		{4AD98A64-DCA5-49AD-A4E0-FE15965CEB09} = {A7F0BD05-1E7F-425D-9D53-1D61B0DAF53B}
		{694ADED3-5DCD-4997-97DD-3B2E21FE874C} = {A7F0BD05-1E7F-425D-9D53-1D61B0DAF53B}
		{EED5925D-0C33-48B3-8FD4-DD122D6918A0} = {694ADED3-5DCD-4997-97DD-3B2E21FE874C}
		{11291613-9250-40C8-A420-8086B79AD79F} = {A7F0BD05-1E7F-425D-9D53-1D61B0DAF53B}
		{3878659B-42F5-41E3-A709-FA85B341DC56} = {11291613-9250-40C8-A420-8086B79AD79F}
		{08639A87-ADBD-4C6A-8C18-01D117359040} = {11291613-9250-40C8-A420-8086B79AD79F}
		{BE7FBE65-4C7F-4325-A139-C1DC7430923D} = {4AD98A64-DCA5-49AD-A4E0-FE15965CEB09}
		{13A0FF2B-A81D-467D-A843-E09BC4BE9990} = {4AD98A64-DCA5-49AD-A4E0-FE15965CEB09}
		{835DB7A3-1AFB-467D-BA68-A07E30629097} = {4AD98A64-DCA5-49AD-A4E0-FE15965CEB09}
		{59382DB8-22F2-46EE-9D52-35C9C82532DD} = {4AD98A64-DCA5-49AD-A4E0-FE15965CEB09}
		{43E6B43D-F864-4FE7-8ED3-D9361BB7BE8C} = {4AD98A64-DCA5-49AD-A4E0-FE15965CEB09}
	EndGlobalSection
	GlobalSection(ExtensibilityGlobals) = postSolution
		SolutionGuid = {F65E183E-42CC-41E7-ACCF-671E6F04560B}
	EndGlobalSection
EndGlobal
